
Microsoft Visual Studio Solution File, Format Version 12.00
# Visual Studio Version 17
VisualStudioVersion = 17.6.33829.357
MinimumVisualStudioVersion = 10.0.40219.1
Project("{9A19103F-16F7-4668-BE54-9A1E7A4F7556}") = "Chess-Challenge", "Chess-Challenge\Chess-Challenge.csproj", "{2803E64F-15AC-430B-A5A2-69C00EA7505F}"
EndProject
Project("{2150E333-8FDC-42A3-9474-1A3956D46DE8}") = "Solution Items", "Solution Items", "{9FC5D849-F0B6-4C89-A541-C36A341AE67C}"
	ProjectSection(SolutionItems) = preProject
		.editorconfig = .editorconfig
	EndProjectSection
EndProject
Project("{9A19103F-16F7-4668-BE54-9A1E7A4F7556}") = "ConsoleBot", "ConsoleBot\ConsoleBot.csproj", "{E2F2DF8F-0EBE-49D4-B66B-9C7644853DBF}"
EndProject
Project("{9A19103F-16F7-4668-BE54-9A1E7A4F7556}") = "Tuner", "Tuner\Tuner.csproj", "{A776D3CD-94CB-4763-A762-2D6E86068B72}"
EndProject
Project("{FAE04EC0-301F-11D3-BF4B-00C04F79EFBC}") = "NeuralNetwork", "..\NeuralNetwork\NeuralNetwork\NeuralNetwork\NeuralNetwork.csproj", "{27E6E266-EB05-4312-8EFB-93F44ACC4247}"
EndProject
Project("{9A19103F-16F7-4668-BE54-9A1E7A4F7556}") = "MyConsoleBot", "MyConsoleBot\MyConsoleBot.csproj", "{3422B994-C84C-41AA-A014-7BE49A92B185}"
EndProject
Project("{FAE04EC0-301F-11D3-BF4B-00C04F79EFBC}") = "SPSA-Tuning", "SPSA-Tuning\SPSA-Tuning.csproj", "{BAACB999-713C-4867-AF6D-DD99A9C51660}"
EndProject
Global
	GlobalSection(SolutionConfigurationPlatforms) = preSolution
		Debug|Any CPU = Debug|Any CPU
		Release|Any CPU = Release|Any CPU
	EndGlobalSection
	GlobalSection(ProjectConfigurationPlatforms) = postSolution
		{2803E64F-15AC-430B-A5A2-69C00EA7505F}.Debug|Any CPU.ActiveCfg = Debug|Any CPU
		{2803E64F-15AC-430B-A5A2-69C00EA7505F}.Debug|Any CPU.Build.0 = Debug|Any CPU
		{2803E64F-15AC-430B-A5A2-69C00EA7505F}.Release|Any CPU.ActiveCfg = Release|Any CPU
		{2803E64F-15AC-430B-A5A2-69C00EA7505F}.Release|Any CPU.Build.0 = Release|Any CPU
		{E2F2DF8F-0EBE-49D4-B66B-9C7644853DBF}.Debug|Any CPU.ActiveCfg = Debug|Any CPU
		{E2F2DF8F-0EBE-49D4-B66B-9C7644853DBF}.Debug|Any CPU.Build.0 = Debug|Any CPU
		{E2F2DF8F-0EBE-49D4-B66B-9C7644853DBF}.Release|Any CPU.ActiveCfg = Release|Any CPU
		{E2F2DF8F-0EBE-49D4-B66B-9C7644853DBF}.Release|Any CPU.Build.0 = Release|Any CPU
		{A776D3CD-94CB-4763-A762-2D6E86068B72}.Debug|Any CPU.ActiveCfg = Debug|Any CPU
		{A776D3CD-94CB-4763-A762-2D6E86068B72}.Debug|Any CPU.Build.0 = Debug|Any CPU
		{A776D3CD-94CB-4763-A762-2D6E86068B72}.Release|Any CPU.ActiveCfg = Release|Any CPU
		{A776D3CD-94CB-4763-A762-2D6E86068B72}.Release|Any CPU.Build.0 = Release|Any CPU
		{27E6E266-EB05-4312-8EFB-93F44ACC4247}.Debug|Any CPU.ActiveCfg = Debug|Any CPU
		{27E6E266-EB05-4312-8EFB-93F44ACC4247}.Debug|Any CPU.Build.0 = Debug|Any CPU
		{27E6E266-EB05-4312-8EFB-93F44ACC4247}.Release|Any CPU.ActiveCfg = Release|Any CPU
		{27E6E266-EB05-4312-8EFB-93F44ACC4247}.Release|Any CPU.Build.0 = Release|Any CPU
		{3422B994-C84C-41AA-A014-7BE49A92B185}.Debug|Any CPU.ActiveCfg = Debug|Any CPU
		{3422B994-C84C-41AA-A014-7BE49A92B185}.Debug|Any CPU.Build.0 = Debug|Any CPU
		{3422B994-C84C-41AA-A014-7BE49A92B185}.Release|Any CPU.ActiveCfg = Release|Any CPU
		{3422B994-C84C-41AA-A014-7BE49A92B185}.Release|Any CPU.Build.0 = Release|Any CPU
		{BAACB999-713C-4867-AF6D-DD99A9C51660}.Debug|Any CPU.ActiveCfg = Debug|Any CPU
		{BAACB999-713C-4867-AF6D-DD99A9C51660}.Debug|Any CPU.Build.0 = Debug|Any CPU
		{BAACB999-713C-4867-AF6D-DD99A9C51660}.Release|Any CPU.ActiveCfg = Release|Any CPU
		{BAACB999-713C-4867-AF6D-DD99A9C51660}.Release|Any CPU.Build.0 = Release|Any CPU
	EndGlobalSection
	GlobalSection(SolutionProperties) = preSolution
		HideSolutionNode = FALSE
	EndGlobalSection
	GlobalSection(ExtensibilityGlobals) = postSolution
		SolutionGuid = {DC54E848-1F03-426F-9B00-9CBC391363F6}
	EndGlobalSection
EndGlobal
